
Microsoft Visual Studio Solution File, Format Version 12.00
# Visual Studio 15
VisualStudioVersion = 15.0.28010.2016
MinimumVisualStudioVersion = 10.0.40219.1
Project("{FAE04EC0-301F-11D3-BF4B-00C04F79EFBC}") = "Compiler", "Compiler\Compiler.csproj", "{44F15D14-46F9-483E-AB5B-3AFB4259747B}"
EndProject
Global
	GlobalSection(SolutionConfigurationPlatforms) = preSolution
		Debug|Any CPU = Debug|Any CPU
		Release|Any CPU = Release|Any CPU
	EndGlobalSection
	GlobalSection(ProjectConfigurationPlatforms) = postSolution
		{44F15D14-46F9-483E-AB5B-3AFB4259747B}.Debug|Any CPU.ActiveCfg = Debug|Any CPU
		{44F15D14-46F9-483E-AB5B-3AFB4259747B}.Debug|Any CPU.Build.0 = Debug|Any CPU
		{44F15D14-46F9-483E-AB5B-3AFB4259747B}.Release|Any CPU.ActiveCfg = Release|Any CPU
		{44F15D14-46F9-483E-AB5B-3AFB4259747B}.Release|Any CPU.Build.0 = Release|Any CPU
	EndGlobalSection
	GlobalSection(SolutionProperties) = preSolution
		HideSolutionNode = FALSE
	EndGlobalSection
	GlobalSection(ExtensibilityGlobals) = postSolution
		SolutionGuid = {EA13BF9A-8F8A-4F33-96EF-37929AAE78E4}
	EndGlobalSection
EndGlobal
